
Microsoft Visual Studio Solution File, Format Version 12.00
# Visual Studio Version 16
VisualStudioVersion = 16.0.29519.87
MinimumVisualStudioVersion = 10.0.40219.1
Project("{FAE04EC0-301F-11D3-BF4B-00C04F79EFBC}") = "ktgkNguoiVaMay", "ktgkNguoiVaMay\ktgkNguoiVaMay.csproj", "{B790B5FB-B66B-4210-A95C-472B818A16C3}"
EndProject
Global
	GlobalSection(SolutionConfigurationPlatforms) = preSolution
		Debug|Any CPU = Debug|Any CPU
		Release|Any CPU = Release|Any CPU
	EndGlobalSection
	GlobalSection(ProjectConfigurationPlatforms) = postSolution
		{B790B5FB-B66B-4210-A95C-472B818A16C3}.Debug|Any CPU.ActiveCfg = Debug|Any CPU
		{B790B5FB-B66B-4210-A95C-472B818A16C3}.Debug|Any CPU.Build.0 = Debug|Any CPU
		{B790B5FB-B66B-4210-A95C-472B818A16C3}.Release|Any CPU.ActiveCfg = Release|Any CPU
		{B790B5FB-B66B-4210-A95C-472B818A16C3}.Release|Any CPU.Build.0 = Release|Any CPU
	EndGlobalSection
	GlobalSection(SolutionProperties) = preSolution
		HideSolutionNode = FALSE
	EndGlobalSection
	GlobalSection(ExtensibilityGlobals) = postSolution
		SolutionGuid = {9A66F687-5F45-455D-9309-BE8E1BEC0A55}
	EndGlobalSection
EndGlobal
